
Microsoft Visual Studio Solution File, Format Version 12.00
# Visual Studio Version 17
VisualStudioVersion = 17.10.34928.147
MinimumVisualStudioVersion = 10.0.40219.1
Project("{FAE04EC0-301F-11D3-BF4B-00C04F79EFBC}") = "InventoryReactCAH.Server", "InventoryReactCAH.Server\InventoryReactCAH.Server.csproj", "{550E8372-35E4-4C27-9F42-828437388EE9}"
EndProject
Project("{54A90642-561A-4BB1-A94E-469ADEE60C69}") = "inventoryreactcah.client", "inventoryreactcah.client\inventoryreactcah.client.esproj", "{346B964F-521D-420E-98BF-552AD99FF1AA}"
EndProject
Global
	GlobalSection(SolutionConfigurationPlatforms) = preSolution
		Debug|Any CPU = Debug|Any CPU
		Release|Any CPU = Release|Any CPU
	EndGlobalSection
	GlobalSection(ProjectConfigurationPlatforms) = postSolution
		{550E8372-35E4-4C27-9F42-828437388EE9}.Debug|Any CPU.ActiveCfg = Debug|Any CPU
		{550E8372-35E4-4C27-9F42-828437388EE9}.Debug|Any CPU.Build.0 = Debug|Any CPU
		{550E8372-35E4-4C27-9F42-828437388EE9}.Release|Any CPU.ActiveCfg = Release|Any CPU
		{550E8372-35E4-4C27-9F42-828437388EE9}.Release|Any CPU.Build.0 = Release|Any CPU
		{346B964F-521D-420E-98BF-552AD99FF1AA}.Debug|Any CPU.ActiveCfg = Debug|Any CPU
		{346B964F-521D-420E-98BF-552AD99FF1AA}.Debug|Any CPU.Build.0 = Debug|Any CPU
		{346B964F-521D-420E-98BF-552AD99FF1AA}.Debug|Any CPU.Deploy.0 = Debug|Any CPU
		{346B964F-521D-420E-98BF-552AD99FF1AA}.Release|Any CPU.ActiveCfg = Release|Any CPU
		{346B964F-521D-420E-98BF-552AD99FF1AA}.Release|Any CPU.Build.0 = Release|Any CPU
		{346B964F-521D-420E-98BF-552AD99FF1AA}.Release|Any CPU.Deploy.0 = Release|Any CPU
	EndGlobalSection
	GlobalSection(SolutionProperties) = preSolution
		HideSolutionNode = FALSE
	EndGlobalSection
	GlobalSection(ExtensibilityGlobals) = postSolution
		SolutionGuid = {E567BCF4-100E-425B-A433-7D9EC5D9340C}
	EndGlobalSection
EndGlobal
